
Microsoft Visual Studio Solution File, Format Version 12.00
# Visual Studio Version 16
VisualStudioVersion = 16.0.30503.244
MinimumVisualStudioVersion = 10.0.40219.1
Project("{8BC9CEB8-8B4A-11D0-8D11-00A0C91BC942}") = "Pluginx64", "Pluginx64\Pluginx64.vcxproj", "{35E5D5DE-FA66-45F2-916A-CB27698AA42D}"
EndProject
Global
	GlobalSection(SolutionConfigurationPlatforms) = preSolution
		Debug|x64 = Debug|x64
		Debug|x86 = Debug|x86
		Release|x64 = Release|x64
		Release|x86 = Release|x86
	EndGlobalSection
	GlobalSection(ProjectConfigurationPlatforms) = postSolution
		{35E5D5DE-FA66-45F2-916A-CB27698AA42D}.Debug|x64.ActiveCfg = Debug|x64
		{35E5D5DE-FA66-45F2-916A-CB27698AA42D}.Debug|x64.Build.0 = Debug|x64
		{35E5D5DE-FA66-45F2-916A-CB27698AA42D}.Debug|x86.ActiveCfg = Debug|Win32
		{35E5D5DE-FA66-45F2-916A-CB27698AA42D}.Debug|x86.Build.0 = Debug|Win32
		{35E5D5DE-FA66-45F2-916A-CB27698AA42D}.Release|x64.ActiveCfg = Release|x64
		{35E5D5DE-FA66-45F2-916A-CB27698AA42D}.Release|x64.Build.0 = Release|x64
		{35E5D5DE-FA66-45F2-916A-CB27698AA42D}.Release|x86.ActiveCfg = Release|Win32
		{35E5D5DE-FA66-45F2-916A-CB27698AA42D}.Release|x86.Build.0 = Release|Win32
	EndGlobalSection
	GlobalSection(SolutionProperties) = preSolution
		HideSolutionNode = FALSE
	EndGlobalSection
	GlobalSection(ExtensibilityGlobals) = postSolution
		SolutionGuid = {CEE40D60-00F9-4057-BA86-5DDCE1E8EBD0}
	EndGlobalSection
EndGlobal
